
Microsoft Visual Studio Solution File, Format Version 12.00
# Visual Studio Version 17
VisualStudioVersion = 17.10.35004.147
MinimumVisualStudioVersion = 10.0.40219.1
Project("{9A19103F-16F7-4668-BE54-9A1E7A4F7556}") = "Desafio.Api.Fiap.API", "src\Desafio.Api.Fiap.API\Desafio.Api.Fiap.API.csproj", "{3E28BAF3-92A4-4C19-B669-A61394DBDC6C}"
EndProject
Project("{FAE04EC0-301F-11D3-BF4B-00C04F79EFBC}") = "Desafio3.Api.Fiap.API", "src\Desafio3.Api.Fiap.API\Desafio3.Api.Fiap.API.csproj", "{904526A2-B683-4D02-B197-6A1F6480EB2D}"
EndProject
Global
	GlobalSection(SolutionConfigurationPlatforms) = preSolution
		Debug|Any CPU = Debug|Any CPU
		Release|Any CPU = Release|Any CPU
	EndGlobalSection
	GlobalSection(ProjectConfigurationPlatforms) = postSolution
		{3E28BAF3-92A4-4C19-B669-A61394DBDC6C}.Debug|Any CPU.ActiveCfg = Debug|Any CPU
		{3E28BAF3-92A4-4C19-B669-A61394DBDC6C}.Debug|Any CPU.Build.0 = Debug|Any CPU
		{3E28BAF3-92A4-4C19-B669-A61394DBDC6C}.Release|Any CPU.ActiveCfg = Release|Any CPU
		{3E28BAF3-92A4-4C19-B669-A61394DBDC6C}.Release|Any CPU.Build.0 = Release|Any CPU
		{904526A2-B683-4D02-B197-6A1F6480EB2D}.Debug|Any CPU.ActiveCfg = Debug|Any CPU
		{904526A2-B683-4D02-B197-6A1F6480EB2D}.Debug|Any CPU.Build.0 = Debug|Any CPU
		{904526A2-B683-4D02-B197-6A1F6480EB2D}.Release|Any CPU.ActiveCfg = Release|Any CPU
		{904526A2-B683-4D02-B197-6A1F6480EB2D}.Release|Any CPU.Build.0 = Release|Any CPU
	EndGlobalSection
	GlobalSection(SolutionProperties) = preSolution
		HideSolutionNode = FALSE
	EndGlobalSection
	GlobalSection(ExtensibilityGlobals) = postSolution
		SolutionGuid = {BE3019E0-E7F9-4C7D-872A-20FD0F1E3F0B}
	EndGlobalSection
EndGlobal
